
Microsoft Visual Studio Solution File, Format Version 12.00
# Visual Studio Version 17
VisualStudioVersion = 17.5.001.0
MinimumVisualStudioVersion = 10.0.40219.1
Project("{9A19103F-16F7-4668-BE54-9A1E7A4F7556}") = "tl1-tp8-2024-LucianaKhalil", "tl1-tp8-2024-LucianaKhalil.csproj", "{21353AD4-E1E3-43CB-AF29-6D357DC6C339}"
EndProject
Global
	GlobalSection(SolutionConfigurationPlatforms) = preSolution
		Debug|Any CPU = Debug|Any CPU
		Release|Any CPU = Release|Any CPU
	EndGlobalSection
	GlobalSection(ProjectConfigurationPlatforms) = postSolution
		{21353AD4-E1E3-43CB-AF29-6D357DC6C339}.Debug|Any CPU.ActiveCfg = Debug|Any CPU
		{21353AD4-E1E3-43CB-AF29-6D357DC6C339}.Debug|Any CPU.Build.0 = Debug|Any CPU
		{21353AD4-E1E3-43CB-AF29-6D357DC6C339}.Release|Any CPU.ActiveCfg = Release|Any CPU
		{21353AD4-E1E3-43CB-AF29-6D357DC6C339}.Release|Any CPU.Build.0 = Release|Any CPU
	EndGlobalSection
	GlobalSection(SolutionProperties) = preSolution
		HideSolutionNode = FALSE
	EndGlobalSection
	GlobalSection(ExtensibilityGlobals) = postSolution
		SolutionGuid = {B73FA829-4B30-41AC-B5F7-F8DF4CE83AC4}
	EndGlobalSection
EndGlobal
